{
  "nodes": {
    "nixpkgs": {
      "locked": {
        "lastModified": 1679529460,
        "narHash": "sha256-wIissJGEDx7TYYNvc0Ca6//vBw9zGD1sC0p07DcmE1Q=",
        "owner": "nixos",
        "repo": "nixpkgs",
        "rev": "4c056723c4a13da7617b4436ed96d1530174e477",
        "type": "github"
      },
      "original": {
        "owner": "nixos",
        "repo": "nixpkgs",
        "type": "github"
      }
    },
    "root": {
      "inputs": {
        "nixpkgs": "nixpkgs"
      }
    }
  },
  "root": "root",
  "version": 7
}
